
Microsoft Visual Studio Solution File, Format Version 12.00
# Visual Studio 2013
VisualStudioVersion = 12.0.40629.0
MinimumVisualStudioVersion = 10.0.40219.1
Project("{E24C65DC-7377-472B-9ABA-BC803B73C61A}") = "Site NET", "http://localhost:29180", "{0B7D72B9-417C-4002-9C51-8AA91E2641DA}"
	ProjectSection(WebsiteProperties) = preProject
		UseIISExpress = "true"
		TargetFrameworkMoniker = ".NETFramework,Version%3Dv4.0"
		Debug.AspNetCompiler.VirtualPath = "/localhost_29180"
		Debug.AspNetCompiler.PhysicalPath = "..\..\..\..\..\..\Trabajos\_Otros Proyectos\Particle Project\smartoffmedia\Site NET\"
		Debug.AspNetCompiler.TargetPath = "PrecompiledWeb\localhost_29180\"
		Debug.AspNetCompiler.Updateable = "true"
		Debug.AspNetCompiler.ForceOverwrite = "true"
		Debug.AspNetCompiler.FixedNames = "false"
		Debug.AspNetCompiler.Debug = "True"
		Release.AspNetCompiler.VirtualPath = "/localhost_29180"
		Release.AspNetCompiler.PhysicalPath = "..\..\..\..\..\..\Trabajos\_Otros Proyectos\Particle Project\smartoffmedia\Site NET\"
		Release.AspNetCompiler.TargetPath = "PrecompiledWeb\localhost_29180\"
		Release.AspNetCompiler.Updateable = "true"
		Release.AspNetCompiler.ForceOverwrite = "true"
		Release.AspNetCompiler.FixedNames = "false"
		Release.AspNetCompiler.Debug = "False"
		SlnRelativePath = "..\..\..\..\..\..\Trabajos\_Otros Proyectos\Particle Project\smartoffmedia\Site NET\"
		DefaultWebSiteLanguage = "Visual C#"
	EndProjectSection
EndProject
Global
	GlobalSection(SolutionConfigurationPlatforms) = preSolution
		Debug|Any CPU = Debug|Any CPU
	EndGlobalSection
	GlobalSection(ProjectConfigurationPlatforms) = postSolution
		{0B7D72B9-417C-4002-9C51-8AA91E2641DA}.Debug|Any CPU.ActiveCfg = Debug|Any CPU
		{0B7D72B9-417C-4002-9C51-8AA91E2641DA}.Debug|Any CPU.Build.0 = Debug|Any CPU
	EndGlobalSection
	GlobalSection(SolutionProperties) = preSolution
		HideSolutionNode = FALSE
	EndGlobalSection
EndGlobal
